
Microsoft Visual Studio Solution File, Format Version 12.00
# Visual Studio Version 16
VisualStudioVersion = 16.0.31515.178
MinimumVisualStudioVersion = 10.0.40219.1
Project("{FAE04EC0-301F-11D3-BF4B-00C04F79EFBC}") = "FindJob_2_API", "FindJob_2_API\FindJob_2_API.csproj", "{2F688F0E-438E-4BDE-9C75-DC2F151C3E70}"
EndProject
Global
	GlobalSection(SolutionConfigurationPlatforms) = preSolution
		Debug|Any CPU = Debug|Any CPU
		Release|Any CPU = Release|Any CPU
	EndGlobalSection
	GlobalSection(ProjectConfigurationPlatforms) = postSolution
		{2F688F0E-438E-4BDE-9C75-DC2F151C3E70}.Debug|Any CPU.ActiveCfg = Debug|Any CPU
		{2F688F0E-438E-4BDE-9C75-DC2F151C3E70}.Debug|Any CPU.Build.0 = Debug|Any CPU
		{2F688F0E-438E-4BDE-9C75-DC2F151C3E70}.Release|Any CPU.ActiveCfg = Release|Any CPU
		{2F688F0E-438E-4BDE-9C75-DC2F151C3E70}.Release|Any CPU.Build.0 = Release|Any CPU
	EndGlobalSection
	GlobalSection(SolutionProperties) = preSolution
		HideSolutionNode = FALSE
	EndGlobalSection
	GlobalSection(ExtensibilityGlobals) = postSolution
		SolutionGuid = {7D315A2D-B70E-4388-82CC-D96D96D2EBC5}
	EndGlobalSection
EndGlobal
